
Microsoft Visual Studio Solution File, Format Version 12.00
# Visual Studio Version 17
VisualStudioVersion = 17.14.36908.2
MinimumVisualStudioVersion = 10.0.40219.1
Project("{FAE04EC0-301F-11D3-BF4B-00C04F79EFBC}") = "Pmad.Wiki", "src\Pmad.Wiki\Pmad.Wiki.csproj", "{A30C54E7-A08F-4EB6-B3B7-E3A5A6199196}"
EndProject
Project("{FAE04EC0-301F-11D3-BF4B-00C04F79EFBC}") = "Pmad.Wiki.Test", "tests\Pmad.Wiki.Test\Pmad.Wiki.Test.csproj", "{E7EBAAF4-38CA-4776-B6B7-302C3AE34DBE}"
EndProject
Project("{FAE04EC0-301F-11D3-BF4B-00C04F79EFBC}") = "Pmad.Wiki.Demo", "tests\Pmad.Wiki.Demo\Pmad.Wiki.Demo.csproj", "{3D7648D4-8E0E-4F09-B020-1AEAAE6002DD}"
EndProject
Project("{2150E333-8FDC-42A3-9474-1A3956D46DE8}") = "Temp", "Temp", "{02EA681E-C7D8-13C7-8484-4AC65E1B71E8}"
EndProject
Project("{FAE04EC0-301F-11D3-BF4B-00C04F79EFBC}") = "Pmad.Git.HttpServer", "PmadGit\src\Pmad.Git.HttpServer\Pmad.Git.HttpServer.csproj", "{CA9C7EA5-DFCA-5A7B-084E-8121D7DD8313}"
EndProject
Project("{FAE04EC0-301F-11D3-BF4B-00C04F79EFBC}") = "Pmad.Git.LocalRepositories", "PmadGit\src\Pmad.Git.LocalRepositories\Pmad.Git.LocalRepositories.csproj", "{75DF4E0F-E59F-7099-6168-4ED7BC24FE65}"
EndProject
Global
	GlobalSection(SolutionConfigurationPlatforms) = preSolution
		Debug|Any CPU = Debug|Any CPU
		Release|Any CPU = Release|Any CPU
	EndGlobalSection
	GlobalSection(ProjectConfigurationPlatforms) = postSolution
		{A30C54E7-A08F-4EB6-B3B7-E3A5A6199196}.Debug|Any CPU.ActiveCfg = Debug|Any CPU
		{A30C54E7-A08F-4EB6-B3B7-E3A5A6199196}.Debug|Any CPU.Build.0 = Debug|Any CPU
		{A30C54E7-A08F-4EB6-B3B7-E3A5A6199196}.Release|Any CPU.ActiveCfg = Release|Any CPU
		{A30C54E7-A08F-4EB6-B3B7-E3A5A6199196}.Release|Any CPU.Build.0 = Release|Any CPU
		{E7EBAAF4-38CA-4776-B6B7-302C3AE34DBE}.Debug|Any CPU.ActiveCfg = Debug|Any CPU
		{E7EBAAF4-38CA-4776-B6B7-302C3AE34DBE}.Debug|Any CPU.Build.0 = Debug|Any CPU
		{E7EBAAF4-38CA-4776-B6B7-302C3AE34DBE}.Release|Any CPU.ActiveCfg = Release|Any CPU
		{E7EBAAF4-38CA-4776-B6B7-302C3AE34DBE}.Release|Any CPU.Build.0 = Release|Any CPU
		{3D7648D4-8E0E-4F09-B020-1AEAAE6002DD}.Debug|Any CPU.ActiveCfg = Debug|Any CPU
		{3D7648D4-8E0E-4F09-B020-1AEAAE6002DD}.Debug|Any CPU.Build.0 = Debug|Any CPU
		{3D7648D4-8E0E-4F09-B020-1AEAAE6002DD}.Release|Any CPU.ActiveCfg = Release|Any CPU
		{3D7648D4-8E0E-4F09-B020-1AEAAE6002DD}.Release|Any CPU.Build.0 = Release|Any CPU
		{CA9C7EA5-DFCA-5A7B-084E-8121D7DD8313}.Debug|Any CPU.ActiveCfg = Debug|Any CPU
		{CA9C7EA5-DFCA-5A7B-084E-8121D7DD8313}.Debug|Any CPU.Build.0 = Debug|Any CPU
		{CA9C7EA5-DFCA-5A7B-084E-8121D7DD8313}.Release|Any CPU.ActiveCfg = Release|Any CPU
		{CA9C7EA5-DFCA-5A7B-084E-8121D7DD8313}.Release|Any CPU.Build.0 = Release|Any CPU
		{75DF4E0F-E59F-7099-6168-4ED7BC24FE65}.Debug|Any CPU.ActiveCfg = Debug|Any CPU
		{75DF4E0F-E59F-7099-6168-4ED7BC24FE65}.Debug|Any CPU.Build.0 = Debug|Any CPU
		{75DF4E0F-E59F-7099-6168-4ED7BC24FE65}.Release|Any CPU.ActiveCfg = Release|Any CPU
		{75DF4E0F-E59F-7099-6168-4ED7BC24FE65}.Release|Any CPU.Build.0 = Release|Any CPU
	EndGlobalSection
	GlobalSection(SolutionProperties) = preSolution
		HideSolutionNode = FALSE
	EndGlobalSection
	GlobalSection(NestedProjects) = preSolution
		{CA9C7EA5-DFCA-5A7B-084E-8121D7DD8313} = {02EA681E-C7D8-13C7-8484-4AC65E1B71E8}
		{75DF4E0F-E59F-7099-6168-4ED7BC24FE65} = {02EA681E-C7D8-13C7-8484-4AC65E1B71E8}
	EndGlobalSection
	GlobalSection(ExtensibilityGlobals) = postSolution
		SolutionGuid = {9464FDF1-B9D9-45D0-9742-4FE06C326CC5}
	EndGlobalSection
EndGlobal
